
Microsoft Visual Studio Solution File, Format Version 12.00
# Visual Studio 15
VisualStudioVersion = 15.0.27130.2024
MinimumVisualStudioVersion = 10.0.40219.1
Project("{9A19103F-16F7-4668-BE54-9A1E7A4F7556}") = "Audecyzje.API", "Audecyzje.API\Audecyzje.API.csproj", "{3DA60117-05BF-4419-A773-C9077865BEB0}"
EndProject
Project("{9A19103F-16F7-4668-BE54-9A1E7A4F7556}") = "Audecyzje.Core", "Audecyzje.Core\Audecyzje.Core.csproj", "{8D56697B-91C1-411F-BCC2-1431DCE80BAE}"
EndProject
Project("{9A19103F-16F7-4668-BE54-9A1E7A4F7556}") = "Audecyzje.Infrastructure", "Audecyzje.Infrastructure\Audecyzje.Infrastructure.csproj", "{859A5E89-A643-4D8A-A4FF-8152441D7E73}"
EndProject
Project("{9A19103F-16F7-4668-BE54-9A1E7A4F7556}") = "Audecyzje.Tests", "Audecyzje.Tests\Audecyzje.Tests.csproj", "{1A11743A-95A7-4E8C-A5A8-E64E26ED396E}"
EndProject
Project("{FAE04EC0-301F-11D3-BF4B-00C04F79EFBC}") = "Audecyzje.WebQuickDemo", "Audecyzje.WebQuickDemo\Audecyzje.WebQuickDemo.csproj", "{C3C523F4-942E-47ED-B3EC-E4D0FB1FFDA7}"
EndProject
Global
	GlobalSection(SolutionConfigurationPlatforms) = preSolution
		Debug|Any CPU = Debug|Any CPU
		Release|Any CPU = Release|Any CPU
	EndGlobalSection
	GlobalSection(ProjectConfigurationPlatforms) = postSolution
		{3DA60117-05BF-4419-A773-C9077865BEB0}.Debug|Any CPU.ActiveCfg = Debug|Any CPU
		{3DA60117-05BF-4419-A773-C9077865BEB0}.Debug|Any CPU.Build.0 = Debug|Any CPU
		{3DA60117-05BF-4419-A773-C9077865BEB0}.Release|Any CPU.ActiveCfg = Release|Any CPU
		{3DA60117-05BF-4419-A773-C9077865BEB0}.Release|Any CPU.Build.0 = Release|Any CPU
		{8D56697B-91C1-411F-BCC2-1431DCE80BAE}.Debug|Any CPU.ActiveCfg = Debug|Any CPU
		{8D56697B-91C1-411F-BCC2-1431DCE80BAE}.Debug|Any CPU.Build.0 = Debug|Any CPU
		{8D56697B-91C1-411F-BCC2-1431DCE80BAE}.Release|Any CPU.ActiveCfg = Release|Any CPU
		{8D56697B-91C1-411F-BCC2-1431DCE80BAE}.Release|Any CPU.Build.0 = Release|Any CPU
		{859A5E89-A643-4D8A-A4FF-8152441D7E73}.Debug|Any CPU.ActiveCfg = Debug|Any CPU
		{859A5E89-A643-4D8A-A4FF-8152441D7E73}.Debug|Any CPU.Build.0 = Debug|Any CPU
		{859A5E89-A643-4D8A-A4FF-8152441D7E73}.Release|Any CPU.ActiveCfg = Release|Any CPU
		{859A5E89-A643-4D8A-A4FF-8152441D7E73}.Release|Any CPU.Build.0 = Release|Any CPU
		{1A11743A-95A7-4E8C-A5A8-E64E26ED396E}.Debug|Any CPU.ActiveCfg = Debug|Any CPU
		{1A11743A-95A7-4E8C-A5A8-E64E26ED396E}.Debug|Any CPU.Build.0 = Debug|Any CPU
		{1A11743A-95A7-4E8C-A5A8-E64E26ED396E}.Release|Any CPU.ActiveCfg = Release|Any CPU
		{1A11743A-95A7-4E8C-A5A8-E64E26ED396E}.Release|Any CPU.Build.0 = Release|Any CPU
		{C3C523F4-942E-47ED-B3EC-E4D0FB1FFDA7}.Debug|Any CPU.ActiveCfg = Debug|Any CPU
		{C3C523F4-942E-47ED-B3EC-E4D0FB1FFDA7}.Debug|Any CPU.Build.0 = Debug|Any CPU
		{C3C523F4-942E-47ED-B3EC-E4D0FB1FFDA7}.Release|Any CPU.ActiveCfg = Release|Any CPU
		{C3C523F4-942E-47ED-B3EC-E4D0FB1FFDA7}.Release|Any CPU.Build.0 = Release|Any CPU
	EndGlobalSection
	GlobalSection(SolutionProperties) = preSolution
		HideSolutionNode = FALSE
	EndGlobalSection
	GlobalSection(ExtensibilityGlobals) = postSolution
		SolutionGuid = {C406FF0C-225E-4697-A895-36A85468EFF8}
	EndGlobalSection
EndGlobal
